{
  "lockfileVersion": 1,
  "workspaces": {
    "": {
      "name": "mau-pod",
      "dependencies": {
        "@mux/convex": "^0.3.0",
        "@mux/convex-mux-init": "^0.2.0",
        "@mux/mux-node": "^12.8.1",
        "@videojs/react": "^10.0.0-beta.14",
        "convex": "^1.34.1",
        "react": "^19.2.3",
        "react-dom": "^19.2.3",
      },
      "devDependencies": {
        "@rsbuild/core": "^1.7.1",
        "@rsbuild/plugin-react": "^1.4.2",
        "@types/react": "^19.2.7",
        "@types/react-dom": "^19.2.3",
        "typescript": "^5.9.3",
      },
    },
  },
  "packages": {
    "@emnapi/core": ["@emnapi/core@1.9.2", "", { "dependencies": { "@emnapi/wasi-threads": "1.2.1", "tslib": "^2.4.0" } }, "sha512-UC+ZhH3XtczQYfOlu3lNEkdW/p4dsJ1r/bP7H8+rhao3TTTMO1ATq/4DdIi23XuGoFY+Cz0JmCbdVl0hz9jZcA=="],

    "@emnapi/runtime": ["@emnapi/runtime@1.9.2", "", { "dependencies": { "tslib": "^2.4.0" } }, "sha512-3U4+MIWHImeyu1wnmVygh5WlgfYDtyf0k8AbLhMFxOipihf6nrWC4syIm/SwEeec0mNSafiiNnMJwbza/Is6Lw=="],

    "@emnapi/wasi-threads": ["@emnapi/wasi-threads@1.2.1", "", { "dependencies": { "tslib": "^2.4.0" } }, "sha512-uTII7OYF+/Mes/MrcIOYp5yOtSMLBWSIoLPpcgwipoiKbli6k322tcoFsxoIIxPDqW01SQGAgko4EzZi2BNv2w=="],

    "@esbuild/aix-ppc64": ["@esbuild/aix-ppc64@0.27.0", "", { "os": "aix", "cpu": "ppc64" }, "sha512-KuZrd2hRjz01y5JK9mEBSD3Vj3mbCvemhT466rSuJYeE/hjuBrHfjjcjMdTm/sz7au+++sdbJZJmuBwQLuw68A=="],

    "@esbuild/android-arm": ["@esbuild/android-arm@0.27.0", "", { "os": "android", "cpu": "arm" }, "sha512-j67aezrPNYWJEOHUNLPj9maeJte7uSMM6gMoxfPC9hOg8N02JuQi/T7ewumf4tNvJadFkvLZMlAq73b9uwdMyQ=="],

    "@esbuild/android-arm64": ["@esbuild/android-arm64@0.27.0", "", { "os": "android", "cpu": "arm64" }, "sha512-CC3vt4+1xZrs97/PKDkl0yN7w8edvU2vZvAFGD16n9F0Cvniy5qvzRXjfO1l94efczkkQE6g1x0i73Qf5uthOQ=="],

    "@esbuild/android-x64": ["@esbuild/android-x64@0.27.0", "", { "os": "android", "cpu": "x64" }, "sha512-wurMkF1nmQajBO1+0CJmcN17U4BP6GqNSROP8t0X/Jiw2ltYGLHpEksp9MpoBqkrFR3kv2/te6Sha26k3+yZ9Q=="],

    "@esbuild/darwin-arm64": ["@esbuild/darwin-arm64@0.27.0", "", { "os": "darwin", "cpu": "arm64" }, "sha512-uJOQKYCcHhg07DL7i8MzjvS2LaP7W7Pn/7uA0B5S1EnqAirJtbyw4yC5jQ5qcFjHK9l6o/MX9QisBg12kNkdHg=="],

    "@esbuild/darwin-x64": ["@esbuild/darwin-x64@0.27.0", "", { "os": "darwin", "cpu": "x64" }, "sha512-8mG6arH3yB/4ZXiEnXof5MK72dE6zM9cDvUcPtxhUZsDjESl9JipZYW60C3JGreKCEP+p8P/72r69m4AZGJd5g=="],

    "@esbuild/freebsd-arm64": ["@esbuild/freebsd-arm64@0.27.0", "", { "os": "freebsd", "cpu": "arm64" }, "sha512-9FHtyO988CwNMMOE3YIeci+UV+x5Zy8fI2qHNpsEtSF83YPBmE8UWmfYAQg6Ux7Gsmd4FejZqnEUZCMGaNQHQw=="],

    "@esbuild/freebsd-x64": ["@esbuild/freebsd-x64@0.27.0", "", { "os": "freebsd", "cpu": "x64" }, "sha512-zCMeMXI4HS/tXvJz8vWGexpZj2YVtRAihHLk1imZj4efx1BQzN76YFeKqlDr3bUWI26wHwLWPd3rwh6pe4EV7g=="],

    "@esbuild/linux-arm": ["@esbuild/linux-arm@0.27.0", "", { "os": "linux", "cpu": "arm" }, "sha512-t76XLQDpxgmq2cNXKTVEB7O7YMb42atj2Re2Haf45HkaUpjM2J0UuJZDuaGbPbamzZ7bawyGFUkodL+zcE+jvQ=="],

    "@esbuild/linux-arm64": ["@esbuild/linux-arm64@0.27.0", "", { "os": "linux", "cpu": "arm64" }, "sha512-AS18v0V+vZiLJyi/4LphvBE+OIX682Pu7ZYNsdUHyUKSoRwdnOsMf6FDekwoAFKej14WAkOef3zAORJgAtXnlQ=="],

    "@esbuild/linux-ia32": ["@esbuild/linux-ia32@0.27.0", "", { "os": "linux", "cpu": "ia32" }, "sha512-Mz1jxqm/kfgKkc/KLHC5qIujMvnnarD9ra1cEcrs7qshTUSksPihGrWHVG5+osAIQ68577Zpww7SGapmzSt4Nw=="],

    "@esbuild/linux-loong64": ["@esbuild/linux-loong64@0.27.0", "", { "os": "linux", "cpu": "none" }, "sha512-QbEREjdJeIreIAbdG2hLU1yXm1uu+LTdzoq1KCo4G4pFOLlvIspBm36QrQOar9LFduavoWX2msNFAAAY9j4BDg=="],

    "@esbuild/linux-mips64el": ["@esbuild/linux-mips64el@0.27.0", "", { "os": "linux", "cpu": "none" }, "sha512-sJz3zRNe4tO2wxvDpH/HYJilb6+2YJxo/ZNbVdtFiKDufzWq4JmKAiHy9iGoLjAV7r/W32VgaHGkk35cUXlNOg=="],

    "@esbuild/linux-ppc64": ["@esbuild/linux-ppc64@0.27.0", "", { "os": "linux", "cpu": "ppc64" }, "sha512-z9N10FBD0DCS2dmSABDBb5TLAyF1/ydVb+N4pi88T45efQ/w4ohr/F/QYCkxDPnkhkp6AIpIcQKQ8F0ANoA2JA=="],

    "@esbuild/linux-riscv64": ["@esbuild/linux-riscv64@0.27.0", "", { "os": "linux", "cpu": "none" }, "sha512-pQdyAIZ0BWIC5GyvVFn5awDiO14TkT/19FTmFcPdDec94KJ1uZcmFs21Fo8auMXzD4Tt+diXu1LW1gHus9fhFQ=="],

    "@esbuild/linux-s390x": ["@esbuild/linux-s390x@0.27.0", "", { "os": "linux", "cpu": "s390x" }, "sha512-hPlRWR4eIDDEci953RI1BLZitgi5uqcsjKMxwYfmi4LcwyWo2IcRP+lThVnKjNtk90pLS8nKdroXYOqW+QQH+w=="],

    "@esbuild/linux-x64": ["@esbuild/linux-x64@0.27.0", "", { "os": "linux", "cpu": "x64" }, "sha512-1hBWx4OUJE2cab++aVZ7pObD6s+DK4mPGpemtnAORBvb5l/g5xFGk0vc0PjSkrDs0XaXj9yyob3d14XqvnQ4gw=="],

    "@esbuild/netbsd-arm64": ["@esbuild/netbsd-arm64@0.27.0", "", { "os": "none", "cpu": "arm64" }, "sha512-6m0sfQfxfQfy1qRuecMkJlf1cIzTOgyaeXaiVaaki8/v+WB+U4hc6ik15ZW6TAllRlg/WuQXxWj1jx6C+dfy3w=="],

    "@esbuild/netbsd-x64": ["@esbuild/netbsd-x64@0.27.0", "", { "os": "none", "cpu": "x64" }, "sha512-xbbOdfn06FtcJ9d0ShxxvSn2iUsGd/lgPIO2V3VZIPDbEaIj1/3nBBe1AwuEZKXVXkMmpr6LUAgMkLD/4D2PPA=="],

    "@esbuild/openbsd-arm64": ["@esbuild/openbsd-arm64@0.27.0", "", { "os": "openbsd", "cpu": "arm64" }, "sha512-fWgqR8uNbCQ/GGv0yhzttj6sU/9Z5/Sv/VGU3F5OuXK6J6SlriONKrQ7tNlwBrJZXRYk5jUhuWvF7GYzGguBZQ=="],

    "@esbuild/openbsd-x64": ["@esbuild/openbsd-x64@0.27.0", "", { "os": "openbsd", "cpu": "x64" }, "sha512-aCwlRdSNMNxkGGqQajMUza6uXzR/U0dIl1QmLjPtRbLOx3Gy3otfFu/VjATy4yQzo9yFDGTxYDo1FfAD9oRD2A=="],

    "@esbuild/openharmony-arm64": ["@esbuild/openharmony-arm64@0.27.0", "", { "os": "none", "cpu": "arm64" }, "sha512-nyvsBccxNAsNYz2jVFYwEGuRRomqZ149A39SHWk4hV0jWxKM0hjBPm3AmdxcbHiFLbBSwG6SbpIcUbXjgyECfA=="],

    "@esbuild/sunos-x64": ["@esbuild/sunos-x64@0.27.0", "", { "os": "sunos", "cpu": "x64" }, "sha512-Q1KY1iJafM+UX6CFEL+F4HRTgygmEW568YMqDA5UV97AuZSm21b7SXIrRJDwXWPzr8MGr75fUZPV67FdtMHlHA=="],

    "@esbuild/win32-arm64": ["@esbuild/win32-arm64@0.27.0", "", { "os": "win32", "cpu": "arm64" }, "sha512-W1eyGNi6d+8kOmZIwi/EDjrL9nxQIQ0MiGqe/AWc6+IaHloxHSGoeRgDRKHFISThLmsewZ5nHFvGFWdBYlgKPg=="],

    "@esbuild/win32-ia32": ["@esbuild/win32-ia32@0.27.0", "", { "os": "win32", "cpu": "ia32" }, "sha512-30z1aKL9h22kQhilnYkORFYt+3wp7yZsHWus+wSKAJR8JtdfI76LJ4SBdMsCopTR3z/ORqVu5L1vtnHZWVj4cQ=="],

    "@esbuild/win32-x64": ["@esbuild/win32-x64@0.27.0", "", { "os": "win32", "cpu": "x64" }, "sha512-aIitBcjQeyOhMTImhLZmtxfdOcuNRpwlPNmlFKPcHQYPhEssw75Cl1TSXJXpMkzaua9FUetx/4OQKq7eJul5Cg=="],

    "@module-federation/error-codes": ["@module-federation/error-codes@0.22.0", "", {}, "sha512-xF9SjnEy7vTdx+xekjPCV5cIHOGCkdn3pIxo9vU7gEZMIw0SvAEdsy6Uh17xaCpm8V0FWvR0SZoK9Ik6jGOaug=="],

    "@module-federation/runtime": ["@module-federation/runtime@0.22.0", "", { "dependencies": { "@module-federation/error-codes": "0.22.0", "@module-federation/runtime-core": "0.22.0", "@module-federation/sdk": "0.22.0" } }, "sha512-38g5iPju2tPC3KHMPxRKmy4k4onNp6ypFPS1eKGsNLUkXgHsPMBFqAjDw96iEcjri91BrahG4XcdyKi97xZzlA=="],

    "@module-federation/runtime-core": ["@module-federation/runtime-core@0.22.0", "", { "dependencies": { "@module-federation/error-codes": "0.22.0", "@module-federation/sdk": "0.22.0" } }, "sha512-GR1TcD6/s7zqItfhC87zAp30PqzvceoeDGYTgF3Vx2TXvsfDrhP6Qw9T4vudDQL3uJRne6t7CzdT29YyVxlgIA=="],

    "@module-federation/runtime-tools": ["@module-federation/runtime-tools@0.22.0", "", { "dependencies": { "@module-federation/runtime": "0.22.0", "@module-federation/webpack-bundler-runtime": "0.22.0" } }, "sha512-4ScUJ/aUfEernb+4PbLdhM/c60VHl698Gn1gY21m9vyC1Ucn69fPCA1y2EwcCB7IItseRMoNhdcWQnzt/OPCNA=="],

    "@module-federation/sdk": ["@module-federation/sdk@0.22.0", "", {}, "sha512-x4aFNBKn2KVQRuNVC5A7SnrSCSqyfIWmm1DvubjbO9iKFe7ith5niw8dqSFBekYBg2Fwy+eMg4sEFNVvCAdo6g=="],

    "@module-federation/webpack-bundler-runtime": ["@module-federation/webpack-bundler-runtime@0.22.0", "", { "dependencies": { "@module-federation/runtime": "0.22.0", "@module-federation/sdk": "0.22.0" } }, "sha512-aM8gCqXu+/4wBmJtVeMeeMN5guw3chf+2i6HajKtQv7SJfxV/f4IyNQJUeUQu9HfiAZHjqtMV5Lvq/Lvh8LdyA=="],

    "@mux/convex": ["@mux/convex@0.3.0", "", { "dependencies": { "@mux/mux-node": "^12.8.1", "convex": "^1.20.0" } }, "sha512-gpMBvCcdvqwAKh8nXa0bs/47valaPTAQtGYwuhpb1usIkLoS/tCgcpyewIV228TImrq5KrAt834KY63LChLi2Q=="],

    "@mux/convex-mux-init": ["@mux/convex-mux-init@0.2.0", "", { "bin": { "convex-mux-init": "bin/convex-mux-init.mjs" } }, "sha512-acsQRZu002HDXVioO2teoTbu0zV+nBjU0guJ0QXQVU1XlcUPDU8/MGDDhJR9W8zzfBbHjjk6b54RqfMrmR46TQ=="],

    "@mux/mux-node": ["@mux/mux-node@12.8.1", "", { "dependencies": { "@types/node": "^18.11.18", "@types/node-fetch": "^2.6.4", "abort-controller": "^3.0.0", "agentkeepalive": "^4.2.1", "form-data-encoder": "1.7.2", "formdata-node": "^4.3.2", "jose": "^4.14.4", "node-fetch": "^2.6.7" } }, "sha512-ey2eKn7iwVrjRVJfB/yF9HPDVpEl+fZV00ydx0kc9/BMs+wjBi0KgU0HMqUjTgEoyMUTlHmJ3U3BfDvreyg5iQ=="],

    "@napi-rs/wasm-runtime": ["@napi-rs/wasm-runtime@1.0.7", "", { "dependencies": { "@emnapi/core": "^1.5.0", "@emnapi/runtime": "^1.5.0", "@tybys/wasm-util": "^0.10.1" } }, "sha512-SeDnOO0Tk7Okiq6DbXmmBODgOAb9dp9gjlphokTUxmt8U3liIP1ZsozBahH69j/RJv+Rfs6IwUKHTgQYJ/HBAw=="],

    "@rsbuild/core": ["@rsbuild/core@1.7.5", "", { "dependencies": { "@rspack/core": "~1.7.10", "@rspack/lite-tapable": "~1.1.0", "@swc/helpers": "^0.5.20", "core-js": "~3.47.0", "jiti": "^2.6.1" }, "bin": { "rsbuild": "bin/rsbuild.js" } }, "sha512-i37urpoV4y9NSsGiUOuLdoI42KJ5h4gAZ8EG8Ilmsond3bxoAoOCu7YvC+1pJ7p+r16suVPW8cki891ZKHOoXQ=="],

    "@rsbuild/plugin-react": ["@rsbuild/plugin-react@1.4.6", "", { "dependencies": { "@rspack/plugin-react-refresh": "^1.6.1", "react-refresh": "^0.18.0" }, "peerDependencies": { "@rsbuild/core": "^1.0.0 || ^2.0.0-0" }, "optionalPeers": ["@rsbuild/core"] }, "sha512-LAT6xHlEyZKA0VjF/ph5d50iyG+WSmBx+7g98HNZUwb94VeeTMZFB8qVptTkbIRMss3BNKOXmHOu71Lhsh9oEw=="],

    "@rspack/binding": ["@rspack/binding@1.7.11", "", { "optionalDependencies": { "@rspack/binding-darwin-arm64": "1.7.11", "@rspack/binding-darwin-x64": "1.7.11", "@rspack/binding-linux-arm64-gnu": "1.7.11", "@rspack/binding-linux-arm64-musl": "1.7.11", "@rspack/binding-linux-x64-gnu": "1.7.11", "@rspack/binding-linux-x64-musl": "1.7.11", "@rspack/binding-wasm32-wasi": "1.7.11", "@rspack/binding-win32-arm64-msvc": "1.7.11", "@rspack/binding-win32-ia32-msvc": "1.7.11", "@rspack/binding-win32-x64-msvc": "1.7.11" } }, "sha512-2MGdy2s2HimsDT444Bp5XnALzNRxuBNc7y0JzyuqKbHBywd4x2NeXyhWXXoxufaCFu5PBc9Qq9jyfjW2Aeh06Q=="],

    "@rspack/binding-darwin-arm64": ["@rspack/binding-darwin-arm64@1.7.11", "", { "os": "darwin", "cpu": "arm64" }, "sha512-oduECiZVqbO5zlVw+q7Vy65sJFth99fWPTyucwvLJJtJkPL5n17Uiql2cYP6Ijn0pkqtf1SXgK8WjiKLG5bIig=="],

    "@rspack/binding-darwin-x64": ["@rspack/binding-darwin-x64@1.7.11", "", { "os": "darwin", "cpu": "x64" }, "sha512-a1+TtTE9ap6RalgFi7FGIgkJP6O4Vy6ctv+9WGJy53E4kuqHR0RygzaiVxCI/GMc/vBT9vY23hyrpWb3d1vtXA=="],

    "@rspack/binding-linux-arm64-gnu": ["@rspack/binding-linux-arm64-gnu@1.7.11", "", { "os": "linux", "cpu": "arm64" }, "sha512-P0QrGRPbTWu6RKWfN0bDtbnEps3rXH0MWIMreZABoUrVmNQKtXR6e73J3ub6a+di5s2+K0M2LJ9Bh2/H4UsDUA=="],

    "@rspack/binding-linux-arm64-musl": ["@rspack/binding-linux-arm64-musl@1.7.11", "", { "os": "linux", "cpu": "arm64" }, "sha512-6ky7R43VMjWwmx3Yx7Jl7faLBBMAgMDt+/bN35RgwjiPgsIByz65EwytUVuW9rikB43BGHvA/eqlnjLrUzNBqw=="],

    "@rspack/binding-linux-x64-gnu": ["@rspack/binding-linux-x64-gnu@1.7.11", "", { "os": "linux", "cpu": "x64" }, "sha512-cuOJMfCOvb2Wgsry5enXJ3iT1FGUjdPqtGUBVupQlEG4ntSYsQ2PtF4wIDVasR3wdxC5nQbipOrDiN/u6fYsdQ=="],

    "@rspack/binding-linux-x64-musl": ["@rspack/binding-linux-x64-musl@1.7.11", "", { "os": "linux", "cpu": "x64" }, "sha512-CoK37hva4AmHGh3VCsQXmGr40L36m1/AdnN5LEjUX6kx5rEH7/1nEBN6Ii72pejqDVvk9anEROmPDiPw10tpFg=="],

    "@rspack/binding-wasm32-wasi": ["@rspack/binding-wasm32-wasi@1.7.11", "", { "dependencies": { "@napi-rs/wasm-runtime": "1.0.7" }, "cpu": "none" }, "sha512-OtrmnPUVJMxjNa3eDMfHyPdtlLRmmp/aIm0fQHlAOATbZvlGm12q7rhPW5BXTu1yh+1rQ1/uqvz+SzKEZXuJaQ=="],

    "@rspack/binding-win32-arm64-msvc": ["@rspack/binding-win32-arm64-msvc@1.7.11", "", { "os": "win32", "cpu": "arm64" }, "sha512-lObFW6e5lCWNgTBNwT//yiEDbsxm9QG4BYUojqeXxothuzJ/L6ibXz6+gLMvbOvLGV3nKgkXmx8GvT9WDKR0mA=="],

    "@rspack/binding-win32-ia32-msvc": ["@rspack/binding-win32-ia32-msvc@1.7.11", "", { "os": "win32", "cpu": "ia32" }, "sha512-0pYGnZd8PPqNR68zQ8skamqNAXEA1sUfXuAdYcknIIRq2wsbiwFzIc0Pov1cIfHYab37G7sSIPBiOUdOWF5Ivw=="],

    "@rspack/binding-win32-x64-msvc": ["@rspack/binding-win32-x64-msvc@1.7.11", "", { "os": "win32", "cpu": "x64" }, "sha512-EeQXayoQk/uBkI3pdoXfQBXNIUrADq56L3s/DFyM2pJeUDrWmhfIw2UFIGkYPTMSCo8F2JcdcGM32FGJrSnU0Q=="],

    "@rspack/core": ["@rspack/core@1.7.11", "", { "dependencies": { "@module-federation/runtime-tools": "0.22.0", "@rspack/binding": "1.7.11", "@rspack/lite-tapable": "1.1.0" }, "peerDependencies": { "@swc/helpers": ">=0.5.1" }, "optionalPeers": ["@swc/helpers"] }, "sha512-rsD9b+Khmot5DwCMiB3cqTQo53ioPG3M/A7BySu8+0+RS7GCxKm+Z+mtsjtG/vsu4Tn2tcqCdZtA3pgLoJB+ew=="],

    "@rspack/lite-tapable": ["@rspack/lite-tapable@1.1.0", "", {}, "sha512-E2B0JhYFmVAwdDiG14+DW0Di4Ze4Jg10Pc4/lILUrd5DRCaklduz2OvJ5HYQ6G+hd+WTzqQb3QnDNfK4yvAFYw=="],

    "@rspack/plugin-react-refresh": ["@rspack/plugin-react-refresh@1.6.1", "", { "dependencies": { "error-stack-parser": "^2.1.4", "html-entities": "^2.6.0" }, "peerDependencies": { "react-refresh": ">=0.10.0 <1.0.0", "webpack-hot-middleware": "2.x" }, "optionalPeers": ["webpack-hot-middleware"] }, "sha512-eqqW5645VG3CzGzFgNg5HqNdHVXY+567PGjtDhhrM8t67caxmsSzRmT5qfoEIfBcGgFkH9vEg7kzXwmCYQdQDw=="],

    "@svta/cml-608": ["@svta/cml-608@1.0.1", "", {}, "sha512-Y/Ier9VPUSOBnf0bJqdDyTlPrt4dDB+jk5mYHa1bnD2kcRl8qn7KkW3PRuj4w1aVN+BS2eHmsLxodt7P2hylUg=="],

    "@svta/cml-cmcd": ["@svta/cml-cmcd@1.0.1", "", { "peerDependencies": { "@svta/cml-cta": "1.0.1", "@svta/cml-structured-field-values": "1.0.1", "@svta/cml-utils": "1.0.1" } }, "sha512-eox305g+QUJgXqOLVrbgxeQHCgl90ewwQ9O2bIoo7m+hanR8Xswu5CknFnT5qqIbLOHfw80ug+raycoAFHTQ+w=="],

    "@svta/cml-cmsd": ["@svta/cml-cmsd@1.0.1", "", { "peerDependencies": { "@svta/cml-cta": "1.0.1", "@svta/cml-structured-field-values": "1.0.1", "@svta/cml-utils": "1.0.1" } }, "sha512-+nIB8PuSfb/qw+xGaArPhNqPm84tBJUbe3H1DnPL5QUsjSUI7mUIUQwAtRV1ZdEu0+80g9i0op79woB0OIwr/g=="],

    "@svta/cml-cta": ["@svta/cml-cta@1.0.1", "", { "peerDependencies": { "@svta/cml-structured-field-values": "1.0.1", "@svta/cml-utils": "1.0.1" } }, "sha512-jcXqNIPv26bmFxIOFh8/c3+6WLH4qBjKpq9qTQcggDPoHuV1YBydMsJLOnYPDeK8rNMKcAkFLbnDRvyJthu5yw=="],

    "@svta/cml-dash": ["@svta/cml-dash@1.0.1", "", { "peerDependencies": { "@svta/cml-utils": "1.0.1" } }, "sha512-lYnD1I7FUbbQND+xICI+kcRaRXuT+whKk27R8m8me5VMVu2sMsAMc7Yui6l9sxw2cBKt8pSETPYRm/1+n4LZkw=="],

    "@svta/cml-id3": ["@svta/cml-id3@1.0.1", "", { "peerDependencies": { "@svta/cml-utils": "1.0.1" } }, "sha512-90fGlL1qRI88CcaB89k6NG6cC3kky4Eu2jwqU4HefqK+S5k2OASUxf8JXkGz+DsdaiY7sh51vGPYdolfBZS7ug=="],

    "@svta/cml-request": ["@svta/cml-request@1.0.1", "", { "peerDependencies": { "@svta/cml-utils": "1.0.1", "@svta/cml-xml": "1.0.1" } }, "sha512-enL19BuXUjFkDDDF9jdNwUclMNPRsagnjGAetVC7xcmpDMpEx+ZLgsDip6BFNg5p6izSEk/OyujTWW1r8bDNiA=="],

    "@svta/cml-structured-field-values": ["@svta/cml-structured-field-values@1.0.1", "", { "peerDependencies": { "@svta/cml-utils": "1.0.1" } }, "sha512-Kibciki59Pon3Pn/sl5uyrbJcSpZQDKqdCfDrokBvOdLoqqcd0oFrkEPsZBiuuIODX1CB80612xe8hopeFDyBA=="],

    "@svta/cml-utils": ["@svta/cml-utils@1.0.1", "", {}, "sha512-kso3curTJfp00I1mKFoBliBApjn4aPE+wF8cPucf7TrSDVWZDeLLuF14ASmUE9m7rnrqTTK4878VvmXaXcCCfQ=="],

    "@svta/cml-xml": ["@svta/cml-xml@1.0.1", "", { "peerDependencies": { "@svta/cml-utils": "1.0.1" } }, "sha512-11LkJa5kDEcsRMWkVI1ABH3KLCxGoiSVe4kQ293ItVj8ncTTQ7htmCGiJDjS+Cmy35UgF3e/vc0ysJIiWRTx2g=="],

    "@swc/helpers": ["@swc/helpers@0.5.21", "", { "dependencies": { "tslib": "^2.8.0" } }, "sha512-jI/VAmtdjB/RnI8GTnokyX7Ug8c+g+ffD6QRLa6XQewtnGyukKkKSk3wLTM3b5cjt1jNh9x0jfVlagdN2gDKQg=="],

    "@tybys/wasm-util": ["@tybys/wasm-util@0.10.1", "", { "dependencies": { "tslib": "^2.4.0" } }, "sha512-9tTaPJLSiejZKx+Bmog4uSubteqTvFrVrURwkmHixBo0G4seD0zUxp98E1DzUBJxLQ3NPwXrGKDiVjwx/DpPsg=="],

    "@types/node": ["@types/node@18.19.130", "", { "dependencies": { "undici-types": "~5.26.4" } }, "sha512-GRaXQx6jGfL8sKfaIDD6OupbIHBr9jv7Jnaml9tB7l4v068PAOXqfcujMMo5PhbIs6ggR1XODELqahT2R8v0fg=="],

    "@types/node-fetch": ["@types/node-fetch@2.6.13", "", { "dependencies": { "@types/node": "*", "form-data": "^4.0.4" } }, "sha512-QGpRVpzSaUs30JBSGPjOg4Uveu384erbHBoT1zeONvyCfwQxIkUshLAOqN/k9EjGviPRmWTTe6aH2qySWKTVSw=="],

    "@types/react": ["@types/react@19.2.14", "", { "dependencies": { "csstype": "^3.2.2" } }, "sha512-ilcTH/UniCkMdtexkoCN0bI7pMcJDvmQFPvuPvmEaYA/NSfFTAgdUSLAoVjaRJm7+6PvcM+q1zYOwS4wTYMF9w=="],

    "@types/react-dom": ["@types/react-dom@19.2.3", "", { "peerDependencies": { "@types/react": "^19.2.0" } }, "sha512-jp2L/eY6fn+KgVVQAOqYItbF0VY/YApe5Mz2F0aykSO8gx31bYCZyvSeYxCHKvzHG5eZjc+zyaS5BrBWya2+kQ=="],

    "@videojs/core": ["@videojs/core@10.0.0-beta.14", "", { "dependencies": { "@videojs/spf": "10.0.0-beta.14", "@videojs/store": "10.0.0-beta.14", "@videojs/utils": "10.0.0-beta.14", "dashjs": "^5.0.0", "hls.js": "^1.6.7", "mux-embed": "^5.17.10" } }, "sha512-Ytiy+ZFBJp2zB3NjfVcsHNt/itGK2DjauUVT+VlcY0ikGdsUN+Iewx0UzbfhwltH/AV7J7eoskoXahfEdh9Wrg=="],

    "@videojs/react": ["@videojs/react@10.0.0-beta.14", "", { "dependencies": { "@videojs/core": "10.0.0-beta.14", "@videojs/spf": "10.0.0-beta.14", "@videojs/store": "10.0.0-beta.14", "@videojs/utils": "10.0.0-beta.14" }, "peerDependencies": { "react": ">=16.8.0" } }, "sha512-9tY1+ZDQHaBA29MFDjqSBCLxcMo4Fs62AMh5NaVlN7F3PR61zBe7L3G3eDW2nk7ZHJD1GpOGlnXeLkN5jQcwMw=="],

    "@videojs/spf": ["@videojs/spf@10.0.0-beta.14", "", { "dependencies": { "@videojs/utils": "10.0.0-beta.14", "signal-polyfill": "^0.2.2" } }, "sha512-P+j8F/N5L37fDs5q2ZE/FsNT6ptKf5M/3Z93eOA+XDT+yjM0hz2PgMrh4i46MbhkLXZeyiLOaB04cDcLftCgvg=="],

    "@videojs/store": ["@videojs/store@10.0.0-beta.14", "", { "dependencies": { "@videojs/utils": "10.0.0-beta.14" }, "peerDependencies": { "@videojs/element": "10.0.0-beta.14", "react": "^18.0.0 || ^19.0.0" }, "optionalPeers": ["@videojs/element", "react"] }, "sha512-5M6jZ0AaX7zn5D03aQAv94j9J7eIa2Ep/CyyDDypUdeIUKC70S2kLxac6r9Kyw/qvqK3myJ6UfTmzW3BRXLlMA=="],

    "@videojs/utils": ["@videojs/utils@10.0.0-beta.14", "", {}, "sha512-Tf200VNl0xn0Mfv056XsBuV3OXK/3dxDhqA89Wbw2wA2dWH6Mj5ZSudpnMq/h7Y1IF2qjh3GNYug1O+kB8u3CA=="],

    "abort-controller": ["abort-controller@3.0.0", "", { "dependencies": { "event-target-shim": "^5.0.0" } }, "sha512-h8lQ8tacZYnR3vNQTgibj+tODHI5/+l06Au2Pcriv/Gmet0eaj4TwWH41sO9wnHDiQsEj19q0drzdWdeAHtweg=="],

    "agentkeepalive": ["agentkeepalive@4.6.0", "", { "dependencies": { "humanize-ms": "^1.2.1" } }, "sha512-kja8j7PjmncONqaTsB8fQ+wE2mSU2DJ9D4XKoJ5PFWIdRMa6SLSN1ff4mOr4jCbfRSsxR4keIiySJU0N9T5hIQ=="],

    "asynckit": ["asynckit@0.4.0", "", {}, "sha512-Oei9OH4tRh0YqU3GxhX79dM/mwVgvbZJaSNaRk+bshkj0S5cfHcgYakreBjrHwatXKbz+IoIdYLxrKim2MjW0Q=="],

    "bcp-47": ["bcp-47@2.1.0", "", { "dependencies": { "is-alphabetical": "^2.0.0", "is-alphanumerical": "^2.0.0", "is-decimal": "^2.0.0" } }, "sha512-9IIS3UPrvIa1Ej+lVDdDwO7zLehjqsaByECw0bu2RRGP73jALm6FYbzI5gWbgHLvNdkvfXB5YrSbocZdOS0c0w=="],

    "bcp-47-match": ["bcp-47-match@2.0.3", "", {}, "sha512-JtTezzbAibu8G0R9op9zb3vcWZd9JF6M0xOYGPn0fNCd7wOpRB1mU2mH9T8gaBGbAAyIIVgB2G7xG0GP98zMAQ=="],

    "bcp-47-normalize": ["bcp-47-normalize@2.3.0", "", { "dependencies": { "bcp-47": "^2.0.0", "bcp-47-match": "^2.0.0" } }, "sha512-8I/wfzqQvttUFz7HVJgIZ7+dj3vUaIyIxYXaTRP1YWoSDfzt6TUmxaKZeuXR62qBmYr+nvuWINFRl6pZ5DlN4Q=="],

    "call-bind-apply-helpers": ["call-bind-apply-helpers@1.0.2", "", { "dependencies": { "es-errors": "^1.3.0", "function-bind": "^1.1.2" } }, "sha512-Sp1ablJ0ivDkSzjcaJdxEunN5/XvksFJ2sMBFfq6x0ryhQV/2b/KwFe21cMpmHtPOSij8K99/wSfoEuTObmuMQ=="],

    "codem-isoboxer": ["codem-isoboxer@0.3.10", "", {}, "sha512-eNk3TRV+xQMJ1PEj0FQGY8KD4m0GPxT487XJ+Iftm7mVa9WpPFDMWqPt+46buiP5j5Wzqe5oMIhqBcAeKfygSA=="],

    "combined-stream": ["combined-stream@1.0.8", "", { "dependencies": { "delayed-stream": "~1.0.0" } }, "sha512-FQN4MRfuJeHf7cBbBMJFXhKSDq+2kAArBlmRBvcvFE5BB1HZKXtSFASDhdlz9zOYwxh8lDdnvmMOe/+5cdoEdg=="],

    "convex": ["convex@1.34.1", "", { "dependencies": { "esbuild": "0.27.0", "prettier": "^3.0.0", "ws": "8.18.0" }, "peerDependencies": { "@auth0/auth0-react": "^2.0.1", "@clerk/clerk-react": "^4.12.8 || ^5.0.0", "react": "^18.0.0 || ^19.0.0-0 || ^19.0.0" }, "optionalPeers": ["@auth0/auth0-react", "@clerk/clerk-react", "react"], "bin": { "convex": "bin/main.js" } }, "sha512-ooyFnZVVq0u6b5zt0Ptq8QB2ixhf/2vXe+PIcUtdtrs0lq/TwpkmmruHdqkFmWgMd6N+Tmfy8AGkz6QnZUYZBA=="],

    "core-js": ["core-js@3.47.0", "", {}, "sha512-c3Q2VVkGAUyupsjRnaNX6u8Dq2vAdzm9iuPj5FW0fRxzlxgq9Q39MDq10IvmQSpLgHQNyQzQmOo6bgGHmH3NNg=="],

    "csstype": ["csstype@3.2.3", "", {}, "sha512-z1HGKcYy2xA8AGQfwrn0PAy+PB7X/GSj3UVJW9qKyn43xWa+gl5nXmU4qqLMRzWVLFC8KusUX8T/0kCiOYpAIQ=="],

    "dashjs": ["dashjs@5.1.1", "", { "dependencies": { "@svta/cml-608": "1.0.1", "@svta/cml-cmcd": "1.0.1", "@svta/cml-cmsd": "1.0.1", "@svta/cml-dash": "1.0.1", "@svta/cml-id3": "1.0.1", "@svta/cml-request": "1.0.1", "@svta/cml-xml": "1.0.1", "bcp-47-match": "^2.0.3", "bcp-47-normalize": "^2.3.0", "codem-isoboxer": "0.3.10", "fast-deep-equal": "3.1.3", "html-entities": "^2.5.2", "imsc": "^1.1.5", "localforage": "^1.10.0", "path-browserify": "^1.0.1", "ua-parser-js": "^1.0.37" } }, "sha512-BzNXlUgzEjhuZ5M5hlSp1qIyQHZ7NpXAR0loP9DAAFVZj/ntL1DHeZ7qp/L3bvI4rq50X5indkAZQ3zEHWJoCA=="],

    "delayed-stream": ["delayed-stream@1.0.0", "", {}, "sha512-ZySD7Nf91aLB0RxL4KGrKHBXl7Eds1DAmEdcoVawXnLD7SDhpNgtuII2aAkg7a7QS41jxPSZ17p4VdGnMHk3MQ=="],

    "dunder-proto": ["dunder-proto@1.0.1", "", { "dependencies": { "call-bind-apply-helpers": "^1.0.1", "es-errors": "^1.3.0", "gopd": "^1.2.0" } }, "sha512-KIN/nDJBQRcXw0MLVhZE9iQHmG68qAVIBg9CqmUYjmQIhgij9U5MFvrqkUL5FbtyyzZuOeOt0zdeRe4UY7ct+A=="],

    "error-stack-parser": ["error-stack-parser@2.1.4", "", { "dependencies": { "stackframe": "^1.3.4" } }, "sha512-Sk5V6wVazPhq5MhpO+AUxJn5x7XSXGl1R93Vn7i+zS15KDVxQijejNCrz8340/2bgLBjR9GtEG8ZVKONDjcqGQ=="],

    "es-define-property": ["es-define-property@1.0.1", "", {}, "sha512-e3nRfgfUZ4rNGL232gUgX06QNyyez04KdjFrF+LTRoOXmrOgFKDg4BCdsjW8EnT69eqdYGmRpJwiPVYNrCaW3g=="],

    "es-errors": ["es-errors@1.3.0", "", {}, "sha512-Zf5H2Kxt2xjTvbJvP2ZWLEICxA6j+hAmMzIlypy4xcBg1vKVnx89Wy0GbS+kf5cwCVFFzdCFh2XSCFNULS6csw=="],

    "es-object-atoms": ["es-object-atoms@1.1.1", "", { "dependencies": { "es-errors": "^1.3.0" } }, "sha512-FGgH2h8zKNim9ljj7dankFPcICIK9Cp5bm+c2gQSYePhpaG5+esrLODihIorn+Pe6FGJzWhXQotPv73jTaldXA=="],

    "es-set-tostringtag": ["es-set-tostringtag@2.1.0", "", { "dependencies": { "es-errors": "^1.3.0", "get-intrinsic": "^1.2.6", "has-tostringtag": "^1.0.2", "hasown": "^2.0.2" } }, "sha512-j6vWzfrGVfyXxge+O0x5sh6cvxAog0a/4Rdd2K36zCMV5eJ+/+tOAngRO8cODMNWbVRdVlmGZQL2YS3yR8bIUA=="],

    "esbuild": ["esbuild@0.27.0", "", { "optionalDependencies": { "@esbuild/aix-ppc64": "0.27.0", "@esbuild/android-arm": "0.27.0", "@esbuild/android-arm64": "0.27.0", "@esbuild/android-x64": "0.27.0", "@esbuild/darwin-arm64": "0.27.0", "@esbuild/darwin-x64": "0.27.0", "@esbuild/freebsd-arm64": "0.27.0", "@esbuild/freebsd-x64": "0.27.0", "@esbuild/linux-arm": "0.27.0", "@esbuild/linux-arm64": "0.27.0", "@esbuild/linux-ia32": "0.27.0", "@esbuild/linux-loong64": "0.27.0", "@esbuild/linux-mips64el": "0.27.0", "@esbuild/linux-ppc64": "0.27.0", "@esbuild/linux-riscv64": "0.27.0", "@esbuild/linux-s390x": "0.27.0", "@esbuild/linux-x64": "0.27.0", "@esbuild/netbsd-arm64": "0.27.0", "@esbuild/netbsd-x64": "0.27.0", "@esbuild/openbsd-arm64": "0.27.0", "@esbuild/openbsd-x64": "0.27.0", "@esbuild/openharmony-arm64": "0.27.0", "@esbuild/sunos-x64": "0.27.0", "@esbuild/win32-arm64": "0.27.0", "@esbuild/win32-ia32": "0.27.0", "@esbuild/win32-x64": "0.27.0" }, "bin": { "esbuild": "bin/esbuild" } }, "sha512-jd0f4NHbD6cALCyGElNpGAOtWxSq46l9X/sWB0Nzd5er4Kz2YTm+Vl0qKFT9KUJvD8+fiO8AvoHhFvEatfVixA=="],

    "event-target-shim": ["event-target-shim@5.0.1", "", {}, "sha512-i/2XbnSz/uxRCU6+NdVJgKWDTM427+MqYbkQzD321DuCQJUqOuJKIA0IM2+W2xtYHdKOmZ4dR6fExsd4SXL+WQ=="],

    "fast-deep-equal": ["fast-deep-equal@3.1.3", "", {}, "sha512-f3qQ9oQy9j2AhBe/H9VC91wLmKBCCU/gDOnKNAYG5hswO7BLKj09Hc5HYNz9cGI++xlpDCIgDaitVs03ATR84Q=="],

    "form-data": ["form-data@4.0.5", "", { "dependencies": { "asynckit": "^0.4.0", "combined-stream": "^1.0.8", "es-set-tostringtag": "^2.1.0", "hasown": "^2.0.2", "mime-types": "^2.1.12" } }, "sha512-8RipRLol37bNs2bhoV67fiTEvdTrbMUYcFTiy3+wuuOnUog2QBHCZWXDRijWQfAkhBj2Uf5UnVaiWwA5vdd82w=="],

    "form-data-encoder": ["form-data-encoder@1.7.2", "", {}, "sha512-qfqtYan3rxrnCk1VYaA4H+Ms9xdpPqvLZa6xmMgFvhO32x7/3J/ExcTd6qpxM0vH2GdMI+poehyBZvqfMTto8A=="],

    "formdata-node": ["formdata-node@4.4.1", "", { "dependencies": { "node-domexception": "1.0.0", "web-streams-polyfill": "4.0.0-beta.3" } }, "sha512-0iirZp3uVDjVGt9p49aTaqjk84TrglENEDuqfdlZQ1roC9CWlPk6Avf8EEnZNcAqPonwkG35x4n3ww/1THYAeQ=="],

    "function-bind": ["function-bind@1.1.2", "", {}, "sha512-7XHNxH7qX9xG5mIwxkhumTox/MIRNcOgDrxWsMt2pAr23WHp6MrRlN7FBSFpCpr+oVO0F744iUgR82nJMfG2SA=="],

    "get-intrinsic": ["get-intrinsic@1.3.0", "", { "dependencies": { "call-bind-apply-helpers": "^1.0.2", "es-define-property": "^1.0.1", "es-errors": "^1.3.0", "es-object-atoms": "^1.1.1", "function-bind": "^1.1.2", "get-proto": "^1.0.1", "gopd": "^1.2.0", "has-symbols": "^1.1.0", "hasown": "^2.0.2", "math-intrinsics": "^1.1.0" } }, "sha512-9fSjSaos/fRIVIp+xSJlE6lfwhES7LNtKaCBIamHsjr2na1BiABJPo0mOjjz8GJDURarmCPGqaiVg5mfjb98CQ=="],

    "get-proto": ["get-proto@1.0.1", "", { "dependencies": { "dunder-proto": "^1.0.1", "es-object-atoms": "^1.0.0" } }, "sha512-sTSfBjoXBp89JvIKIefqw7U2CCebsc74kiY6awiGogKtoSGbgjYE/G/+l9sF3MWFPNc9IcoOC4ODfKHfxFmp0g=="],

    "gopd": ["gopd@1.2.0", "", {}, "sha512-ZUKRh6/kUFoAiTAtTYPZJ3hw9wNxx+BIBOijnlG9PnrJsCcSjs1wyyD6vJpaYtgnzDrKYRSqf3OO6Rfa93xsRg=="],

    "has-symbols": ["has-symbols@1.1.0", "", {}, "sha512-1cDNdwJ2Jaohmb3sg4OmKaMBwuC48sYni5HUw2DvsC8LjGTLK9h+eb1X6RyuOHe4hT0ULCW68iomhjUoKUqlPQ=="],

    "has-tostringtag": ["has-tostringtag@1.0.2", "", { "dependencies": { "has-symbols": "^1.0.3" } }, "sha512-NqADB8VjPFLM2V0VvHUewwwsw0ZWBaIdgo+ieHtK3hasLz4qeCRjYcqfB6AQrBggRKppKF8L52/VqdVsO47Dlw=="],

    "hasown": ["hasown@2.0.2", "", { "dependencies": { "function-bind": "^1.1.2" } }, "sha512-0hJU9SCPvmMzIBdZFqNPXWa6dqh7WdH0cII9y+CyS8rG3nL48Bclra9HmKhVVUHyPWNH5Y7xDwAB7bfgSjkUMQ=="],

    "hls.js": ["hls.js@1.6.15", "", {}, "sha512-E3a5VwgXimGHwpRGV+WxRTKeSp2DW5DI5MWv34ulL3t5UNmyJWCQ1KmLEHbYzcfThfXG8amBL+fCYPneGHC4VA=="],

    "html-entities": ["html-entities@2.6.0", "", {}, "sha512-kig+rMn/QOVRvr7c86gQ8lWXq+Hkv6CbAH1hLu+RG338StTpE8Z0b44SDVaqVu7HGKf27frdmUYEs9hTUX/cLQ=="],

    "humanize-ms": ["humanize-ms@1.2.1", "", { "dependencies": { "ms": "^2.0.0" } }, "sha512-Fl70vYtsAFb/C06PTS9dZBo7ihau+Tu/DNCk/OyHhea07S+aeMWpFFkUaXRa8fI+ScZbEI8dfSxwY7gxZ9SAVQ=="],

    "immediate": ["immediate@3.0.6", "", {}, "sha512-XXOFtyqDjNDAQxVfYxuF7g9Il/IbWmmlQg2MYKOH8ExIT1qg6xc4zyS3HaEEATgs1btfzxq15ciUiY7gjSXRGQ=="],

    "imsc": ["imsc@1.1.5", "", { "dependencies": { "sax": "1.2.1" } }, "sha512-V8je+CGkcvGhgl2C1GlhqFFiUOIEdwXbXLiu1Fcubvvbo+g9inauqT3l0pNYXGoLPBj3jxtZz9t+wCopMkwadQ=="],

    "is-alphabetical": ["is-alphabetical@2.0.1", "", {}, "sha512-FWyyY60MeTNyeSRpkM2Iry0G9hpr7/9kD40mD/cGQEuilcZYS4okz8SN2Q6rLCJ8gbCt6fN+rC+6tMGS99LaxQ=="],

    "is-alphanumerical": ["is-alphanumerical@2.0.1", "", { "dependencies": { "is-alphabetical": "^2.0.0", "is-decimal": "^2.0.0" } }, "sha512-hmbYhX/9MUMF5uh7tOXyK/n0ZvWpad5caBA17GsC6vyuCqaWliRG5K1qS9inmUhEMaOBIW7/whAnSwveW/LtZw=="],

    "is-decimal": ["is-decimal@2.0.1", "", {}, "sha512-AAB9hiomQs5DXWcRB1rqsxGUstbRroFOPPVAomNk/3XHR5JyEZChOyTWe2oayKnsSsr/kcGqF+z6yuH6HHpN0A=="],

    "jiti": ["jiti@2.6.1", "", { "bin": { "jiti": "lib/jiti-cli.mjs" } }, "sha512-ekilCSN1jwRvIbgeg/57YFh8qQDNbwDb9xT/qu2DAHbFFZUicIl4ygVaAvzveMhMVr3LnpSKTNnwt8PoOfmKhQ=="],

    "jose": ["jose@4.15.9", "", {}, "sha512-1vUQX+IdDMVPj4k8kOxgUqlcK518yluMuGZwqlr44FS1ppZB/5GWh4rZG89erpOBOJjU/OBsnCVFfapsRz6nEA=="],

    "lie": ["lie@3.1.1", "", { "dependencies": { "immediate": "~3.0.5" } }, "sha512-RiNhHysUjhrDQntfYSfY4MU24coXXdEOgw9WGcKHNeEwffDYbF//u87M1EWaMGzuFoSbqW0C9C6lEEhDOAswfw=="],

    "localforage": ["localforage@1.10.0", "", { "dependencies": { "lie": "3.1.1" } }, "sha512-14/H1aX7hzBBmmh7sGPd+AOMkkIrHM3Z1PAyGgZigA1H1p5O5ANnMyWzvpAETtG68/dC4pC0ncy3+PPGzXZHPg=="],

    "math-intrinsics": ["math-intrinsics@1.1.0", "", {}, "sha512-/IXtbwEk5HTPyEwyKX6hGkYXxM9nbj64B+ilVJnC/R6B0pH5G4V3b0pVbL7DBj4tkhBAppbQUlf6F6Xl9LHu1g=="],

    "mime-db": ["mime-db@1.52.0", "", {}, "sha512-sPU4uV7dYlvtWJxwwxHD0PuihVNiE7TyAbQ5SWxDCB9mUYvOgroQOwYQQOKPJ8CIbE+1ETVlOoK1UC2nU3gYvg=="],

    "mime-types": ["mime-types@2.1.35", "", { "dependencies": { "mime-db": "1.52.0" } }, "sha512-ZDY+bPm5zTTF+YpCrAU9nK0UgICYPT0QtT1NZWFv4s++TNkcgVaT0g6+4R2uI4MjQjzysHB1zxuWL50hzaeXiw=="],

    "ms": ["ms@2.1.3", "", {}, "sha512-6FlzubTLZG3J2a/NVCAleEhjzq5oxgHyaCU9yYXvcLsvoVaHJq/s5xXI6/XXP6tz7R9xAOtHnSO/tXtF3WRTlA=="],

    "mux-embed": ["mux-embed@5.17.10", "", {}, "sha512-i+eaoezVxIEliYGWPsjQztrWbA8A3Rzwqhwv1WGuRrl2npx85jFYJV5y+cjh7FASPOjT+7zJTYCJfxmcbgM7Hg=="],

    "node-domexception": ["node-domexception@1.0.0", "", {}, "sha512-/jKZoMpw0F8GRwl4/eLROPA3cfcXtLApP0QzLmUT/HuPCZWyB7IY9ZrMeKw2O/nFIqPQB3PVM9aYm0F312AXDQ=="],

    "node-fetch": ["node-fetch@2.7.0", "", { "dependencies": { "whatwg-url": "^5.0.0" }, "peerDependencies": { "encoding": "^0.1.0" }, "optionalPeers": ["encoding"] }, "sha512-c4FRfUm/dbcWZ7U+1Wq0AwCyFL+3nt2bEw05wfxSz+DWpWsitgmSgYmy2dQdWyKC1694ELPqMs/YzUSNozLt8A=="],

    "path-browserify": ["path-browserify@1.0.1", "", {}, "sha512-b7uo2UCUOYZcnF/3ID0lulOJi/bafxa1xPe7ZPsammBSpjSWQkjNxlt635YGS2MiR9GjvuXCtz2emr3jbsz98g=="],

    "prettier": ["prettier@3.8.1", "", { "bin": { "prettier": "bin/prettier.cjs" } }, "sha512-UOnG6LftzbdaHZcKoPFtOcCKztrQ57WkHDeRD9t/PTQtmT0NHSeWWepj6pS0z/N7+08BHFDQVUrfmfMRcZwbMg=="],

    "react": ["react@19.2.4", "", {}, "sha512-9nfp2hYpCwOjAN+8TZFGhtWEwgvWHXqESH8qT89AT/lWklpLON22Lc8pEtnpsZz7VmawabSU0gCjnj8aC0euHQ=="],

    "react-dom": ["react-dom@19.2.4", "", { "dependencies": { "scheduler": "^0.27.0" }, "peerDependencies": { "react": "^19.2.4" } }, "sha512-AXJdLo8kgMbimY95O2aKQqsz2iWi9jMgKJhRBAxECE4IFxfcazB2LmzloIoibJI3C12IlY20+KFaLv+71bUJeQ=="],

    "react-refresh": ["react-refresh@0.18.0", "", {}, "sha512-QgT5//D3jfjJb6Gsjxv0Slpj23ip+HtOpnNgnb2S5zU3CB26G/IDPGoy4RJB42wzFE46DRsstbW6tKHoKbhAxw=="],

    "sax": ["sax@1.2.1", "", {}, "sha512-8I2a3LovHTOpm7NV5yOyO8IHqgVsfK4+UuySrXU8YXkSRX7k6hCV9b3HrkKCr3nMpgj+0bmocaJJWpvp1oc7ZA=="],

    "scheduler": ["scheduler@0.27.0", "", {}, "sha512-eNv+WrVbKu1f3vbYJT/xtiF5syA5HPIMtf9IgY/nKg0sWqzAUEvqY/xm7OcZc/qafLx/iO9FgOmeSAp4v5ti/Q=="],

    "signal-polyfill": ["signal-polyfill@0.2.2", "", {}, "sha512-p63Y4Er5/eMQ9RHg0M0Y64NlsQKpiu6MDdhBXpyywRuWiPywhJTpKJ1iB5K2hJEbFZ0BnDS7ZkJ+0AfTuL37Rg=="],

    "stackframe": ["stackframe@1.3.4", "", {}, "sha512-oeVtt7eWQS+Na6F//S4kJ2K2VbRlS9D43mAlMyVpVWovy9o+jfgH8O9agzANzaiLjclA0oYzUXEM4PurhSUChw=="],

    "tr46": ["tr46@0.0.3", "", {}, "sha512-N3WMsuqV66lT30CrXNbEjx4GEwlow3v6rr4mCcv6prnfwhS01rkgyFdjPNBYd9br7LpXV1+Emh01fHnq2Gdgrw=="],

    "tslib": ["tslib@2.8.1", "", {}, "sha512-oJFu94HQb+KVduSUQL7wnpmqnfmLsOA/nAh6b6EH0wCEoK0/mPeXU6c3wKDV83MkOuHPRHtSXKKU99IBazS/2w=="],

    "typescript": ["typescript@5.9.3", "", { "bin": { "tsc": "bin/tsc", "tsserver": "bin/tsserver" } }, "sha512-jl1vZzPDinLr9eUt3J/t7V6FgNEw9QjvBPdysz9KfQDD41fQrC2Y4vKQdiaUpFT4bXlb1RHhLpp8wtm6M5TgSw=="],

    "ua-parser-js": ["ua-parser-js@1.0.41", "", { "bin": { "ua-parser-js": "script/cli.js" } }, "sha512-LbBDqdIC5s8iROCUjMbW1f5dJQTEFB1+KO9ogbvlb3nm9n4YHa5p4KTvFPWvh2Hs8gZMBuiB1/8+pdfe/tDPug=="],

    "undici-types": ["undici-types@5.26.5", "", {}, "sha512-JlCMO+ehdEIKqlFxk6IfVoAUVmgz7cU7zD/h9XZ0qzeosSHmUJVOzSQvvYSYWXkFXC+IfLKSIffhv0sVZup6pA=="],

    "web-streams-polyfill": ["web-streams-polyfill@4.0.0-beta.3", "", {}, "sha512-QW95TCTaHmsYfHDybGMwO5IJIM93I/6vTRk+daHTWFPhwh+C8Cg7j7XyKrwrj8Ib6vYXe0ocYNrmzY4xAAN6ug=="],

    "webidl-conversions": ["webidl-conversions@3.0.1", "", {}, "sha512-2JAn3z8AR6rjK8Sm8orRC0h/bcl/DqL7tRPdGZ4I1CjdF+EaMLmYxBHyXuKL849eucPFhvBoxMsflfOb8kxaeQ=="],

    "whatwg-url": ["whatwg-url@5.0.0", "", { "dependencies": { "tr46": "~0.0.3", "webidl-conversions": "^3.0.0" } }, "sha512-saE57nupxk6v3HY35+jzBwYa0rKSy0XR8JSxZPwgLr7ys0IBzhGviA1/TUGJLmSVqs8pb9AnvICXEuOHLprYTw=="],

    "ws": ["ws@8.18.0", "", { "peerDependencies": { "bufferutil": "^4.0.1", "utf-8-validate": ">=5.0.2" }, "optionalPeers": ["bufferutil", "utf-8-validate"] }, "sha512-8VbfWfHLbbwu3+N6OKsOMpBdT4kXPDDB9cJk2bJ6mh9ucxdlnNvH1e+roYkKmN9Nxw2yjz7VzeO9oOz2zJ04Pw=="],
  }
}
